// !$*UTF8*$!
{
	archiveVersion = 1;
	classes = {
	};
	objectVersion = 50;
	objects = {

/* Begin PBXBuildFile section */
		17429320280F1FEB00BC47A4 /* TabBar.swift in Sources */ = {isa = PBXBuildFile; fileRef = 1742931F280F1FEB00BC47A4 /* TabBar.swift */; };
		17429323280F219C00BC47A4 /* TabButton.swift in Sources */ = {isa = PBXBuildFile; fileRef = 17429322280F219C00BC47A4 /* TabButton.swift */; };
		1742932C280F38BD00BC47A4 /* Profile.swift in Sources */ = {isa = PBXBuildFile; fileRef = 1742932B280F38BD00BC47A4 /* Profile.swift */; };
		17429332280F390F00BC47A4 /* MessageView.swift in Sources */ = {isa = PBXBuildFile; fileRef = 17429331280F390F00BC47A4 /* MessageView.swift */; };
		1743349727FF5DE600196B92 /* Tinder_for_DogsApp.swift in Sources */ = {isa = PBXBuildFile; fileRef = 1743349627FF5DE600196B92 /* Tinder_for_DogsApp.swift */; };
		1743349927FF5DE600196B92 /* ContentView.swift in Sources */ = {isa = PBXBuildFile; fileRef = 1743349827FF5DE600196B92 /* ContentView.swift */; };
		1743349B27FF5DE800196B92 /* Assets.xcassets in Resources */ = {isa = PBXBuildFile; fileRef = 1743349A27FF5DE800196B92 /* Assets.xcassets */; };
		1743349E27FF5DE800196B92 /* Preview Assets.xcassets in Resources */ = {isa = PBXBuildFile; fileRef = 1743349D27FF5DE800196B92 /* Preview Assets.xcassets */; };
		17463B73280DC6290060711F /* LoginView.swift in Sources */ = {isa = PBXBuildFile; fileRef = 17463B72280DC6290060711F /* LoginView.swift */; };
		17463B76280DC63C0060711F /* SignInView.swift in Sources */ = {isa = PBXBuildFile; fileRef = 17463B75280DC63C0060711F /* SignInView.swift */; };
		17479EC8280E8CD80048DE72 /* HomeView.swift in Sources */ = {isa = PBXBuildFile; fileRef = 17479EC7280E8CD80048DE72 /* HomeView.swift */; };
		17479ECE280E8D0F0048DE72 /* SlideView.swift in Sources */ = {isa = PBXBuildFile; fileRef = 17479ECD280E8D0F0048DE72 /* SlideView.swift */; };
		17D691BD280AD4BB00811F40 /* DogsCardView.swift in Sources */ = {isa = PBXBuildFile; fileRef = 17D691BC280AD4BB00811F40 /* DogsCardView.swift */; };
		17D691C0280AE0A900811F40 /* ButtonView.swift in Sources */ = {isa = PBXBuildFile; fileRef = 17D691BF280AE0A900811F40 /* ButtonView.swift */; };
		17D691C3280B16C900811F40 /* OnboardingView.swift in Sources */ = {isa = PBXBuildFile; fileRef = 17D691C2280B16C900811F40 /* OnboardingView.swift */; };
		17D691C9280B1A5B00811F40 /* DogModel.swift in Sources */ = {isa = PBXBuildFile; fileRef = 17D691C8280B1A5B00811F40 /* DogModel.swift */; };
		17D691CD280B1B8A00811F40 /* DogData.swift in Sources */ = {isa = PBXBuildFile; fileRef = 17D691CC280B1B8A00811F40 /* DogData.swift */; };
/* End PBXBuildFile section */

/* Begin PBXFileReference section */
		1742931F280F1FEB00BC47A4 /* TabBar.swift */ = {isa = PBXFileReference; lastKnownFileType = sourcecode.swift; path = TabBar.swift; sourceTree = "<group>"; };
		17429322280F219C00BC47A4 /* TabButton.swift */ = {isa = PBXFileReference; fileEncoding = 4; lastKnownFileType = sourcecode.swift; path = TabButton.swift; sourceTree = "<group>"; };
		1742932B280F38BD00BC47A4 /* Profile.swift */ = {isa = PBXFileReference; lastKnownFileType = sourcecode.swift; path = Profile.swift; sourceTree = "<group>"; };
		17429331280F390F00BC47A4 /* MessageView.swift */ = {isa = PBXFileReference; lastKnownFileType = sourcecode.swift; path = MessageView.swift; sourceTree = "<group>"; };
		1743349327FF5DE500196B92 /* Tinder_for_Dogs.app */ = {isa = PBXFileReference; explicitFileType = wrapper.application; includeInIndex = 0; path = Tinder_for_Dogs.app; sourceTree = BUILT_PRODUCTS_DIR; };
		1743349627FF5DE600196B92 /* Tinder_for_DogsApp.swift */ = {isa = PBXFileReference; lastKnownFileType = sourcecode.swift; path = Tinder_for_DogsApp.swift; sourceTree = "<group>"; };
		1743349827FF5DE600196B92 /* ContentView.swift */ = {isa = PBXFileReference; lastKnownFileType = sourcecode.swift; path = ContentView.swift; sourceTree = "<group>"; };
		1743349A27FF5DE800196B92 /* Assets.xcassets */ = {isa = PBXFileReference; lastKnownFileType = folder.assetcatalog; path = Assets.xcassets; sourceTree = "<group>"; };
		1743349D27FF5DE800196B92 /* Preview Assets.xcassets */ = {isa = PBXFileReference; lastKnownFileType = folder.assetcatalog; path = "Preview Assets.xcassets"; sourceTree = "<group>"; };
		1743349F27FF5DE800196B92 /* Info.plist */ = {isa = PBXFileReference; lastKnownFileType = text.plist.xml; path = Info.plist; sourceTree = "<group>"; };
		17463B72280DC6290060711F /* LoginView.swift */ = {isa = PBXFileReference; lastKnownFileType = sourcecode.swift; path = LoginView.swift; sourceTree = "<group>"; };
		17463B75280DC63C0060711F /* SignInView.swift */ = {isa = PBXFileReference; lastKnownFileType = sourcecode.swift; path = SignInView.swift; sourceTree = "<group>"; };
		17479EC7280E8CD80048DE72 /* HomeView.swift */ = {isa = PBXFileReference; lastKnownFileType = sourcecode.swift; path = HomeView.swift; sourceTree = "<group>"; };
		17479ECD280E8D0F0048DE72 /* SlideView.swift */ = {isa = PBXFileReference; lastKnownFileType = sourcecode.swift; path = SlideView.swift; sourceTree = "<group>"; };
		17D691BC280AD4BB00811F40 /* DogsCardView.swift */ = {isa = PBXFileReference; lastKnownFileType = sourcecode.swift; path = DogsCardView.swift; sourceTree = "<group>"; };
		17D691BF280AE0A900811F40 /* ButtonView.swift */ = {isa = PBXFileReference; lastKnownFileType = sourcecode.swift; path = ButtonView.swift; sourceTree = "<group>"; };
		17D691C2280B16C900811F40 /* OnboardingView.swift */ = {isa = PBXFileReference; lastKnownFileType = sourcecode.swift; path = OnboardingView.swift; sourceTree = "<group>"; };
		17D691C8280B1A5B00811F40 /* DogModel.swift */ = {isa = PBXFileReference; lastKnownFileType = sourcecode.swift; path = DogModel.swift; sourceTree = "<group>"; };
		17D691CC280B1B8A00811F40 /* DogData.swift */ = {isa = PBXFileReference; lastKnownFileType = sourcecode.swift; path = DogData.swift; sourceTree = "<group>"; };
/* End PBXFileReference section */

/* Begin PBXFrameworksBuildPhase section */
		1743349027FF5DE500196B92 /* Frameworks */ = {
			isa = PBXFrameworksBuildPhase;
			buildActionMask = 2147483647;
			files = (
			);
			runOnlyForDeploymentPostprocessing = 0;
		};
/* End PBXFrameworksBuildPhase section */

/* Begin PBXGroup section */
		17429326280F238F00BC47A4 /* TabBar */ = {
			isa = PBXGroup;
			children = (
				1742931F280F1FEB00BC47A4 /* TabBar.swift */,
				17429322280F219C00BC47A4 /* TabButton.swift */,
			);
			path = TabBar;
			sourceTree = "<group>";
		};
		17429327280F23A900BC47A4 /* MainView */ = {
			isa = PBXGroup;
			children = (
				17479EC7280E8CD80048DE72 /* HomeView.swift */,
				17479ECD280E8D0F0048DE72 /* SlideView.swift */,
				17429331280F390F00BC47A4 /* MessageView.swift */,
				1742932B280F38BD00BC47A4 /* Profile.swift */,
				17429326280F238F00BC47A4 /* TabBar */,
			);
			path = MainView;
			sourceTree = "<group>";
		};
		17429328280F23CD00BC47A4 /* OnboardingView */ = {
			isa = PBXGroup;
			children = (
				17D691BF280AE0A900811F40 /* ButtonView.swift */,
				17D691BC280AD4BB00811F40 /* DogsCardView.swift */,
				17D691C2280B16C900811F40 /* OnboardingView.swift */,
			);
			path = OnboardingView;
			sourceTree = "<group>";
		};
		17429329280F23E500BC47A4 /* Login & SignUp */ = {
			isa = PBXGroup;
			children = (
				17463B72280DC6290060711F /* LoginView.swift */,
				17463B75280DC63C0060711F /* SignInView.swift */,
			);
			path = "Login & SignUp";
			sourceTree = "<group>";
		};
		1743348A27FF5DE500196B92 = {
			isa = PBXGroup;
			children = (
				1743349527FF5DE600196B92 /* Tinder_for_Dogs */,
				1743349427FF5DE500196B92 /* Products */,
			);
			sourceTree = "<group>";
		};
		1743349427FF5DE500196B92 /* Products */ = {
			isa = PBXGroup;
			children = (
				1743349327FF5DE500196B92 /* Tinder_for_Dogs.app */,
			);
			name = Products;
			sourceTree = "<group>";
		};
		1743349527FF5DE600196B92 /* Tinder_for_Dogs */ = {
			isa = PBXGroup;
			children = (
				17D691C5280B18BE00811F40 /* Model */,
				17D691CB280B1B7500811F40 /* Data */,
				17D691C6280B18D000811F40 /* Views */,
				1743349627FF5DE600196B92 /* Tinder_for_DogsApp.swift */,
				1743349827FF5DE600196B92 /* ContentView.swift */,
				1743349A27FF5DE800196B92 /* Assets.xcassets */,
				1743349F27FF5DE800196B92 /* Info.plist */,
				1743349C27FF5DE800196B92 /* Preview Content */,
			);
			path = Tinder_for_Dogs;
			sourceTree = "<group>";
		};
		1743349C27FF5DE800196B92 /* Preview Content */ = {
			isa = PBXGroup;
			children = (
				1743349D27FF5DE800196B92 /* Preview Assets.xcassets */,
			);
			path = "Preview Content";
			sourceTree = "<group>";
		};
		17D691C5280B18BE00811F40 /* Model */ = {
			isa = PBXGroup;
			children = (
				17D691C8280B1A5B00811F40 /* DogModel.swift */,
			);
			path = Model;
			sourceTree = "<group>";
		};
		17D691C6280B18D000811F40 /* Views */ = {
			isa = PBXGroup;
			children = (
				17429329280F23E500BC47A4 /* Login & SignUp */,
				17429328280F23CD00BC47A4 /* OnboardingView */,
				17429327280F23A900BC47A4 /* MainView */,
			);
			path = Views;
			sourceTree = "<group>";
		};
		17D691CB280B1B7500811F40 /* Data */ = {
			isa = PBXGroup;
			children = (
				17D691CC280B1B8A00811F40 /* DogData.swift */,
			);
			path = Data;
			sourceTree = "<group>";
		};
/* End PBXGroup section */

/* Begin PBXNativeTarget section */
		1743349227FF5DE500196B92 /* Tinder_for_Dogs */ = {
			isa = PBXNativeTarget;
			buildConfigurationList = 174334A227FF5DE800196B92 /* Build configuration list for PBXNativeTarget "Tinder_for_Dogs" */;
			buildPhases = (
				1743348F27FF5DE500196B92 /* Sources */,
				1743349027FF5DE500196B92 /* Frameworks */,
				1743349127FF5DE500196B92 /* Resources */,
			);
			buildRules = (
			);
			dependencies = (
			);
			name = Tinder_for_Dogs;
			productName = Tinder_for_Dogs;
			productReference = 1743349327FF5DE500196B92 /* Tinder_for_Dogs.app */;
			productType = "com.apple.product-type.application";
		};
/* End PBXNativeTarget section */

/* Begin PBXProject section */
		1743348B27FF5DE500196B92 /* Project object */ = {
			isa = PBXProject;
			attributes = {
				LastSwiftUpdateCheck = 1240;
				LastUpgradeCheck = 1240;
				TargetAttributes = {
					1743349227FF5DE500196B92 = {
						CreatedOnToolsVersion = 12.4;
					};
				};
			};
			buildConfigurationList = 1743348E27FF5DE500196B92 /* Build configuration list for PBXProject "Tinder_for_Dogs" */;
			compatibilityVersion = "Xcode 9.3";
			developmentRegion = en;
			hasScannedForEncodings = 0;
			knownRegions = (
				en,
				Base,
			);
			mainGroup = 1743348A27FF5DE500196B92;
			productRefGroup = 1743349427FF5DE500196B92 /* Products */;
			projectDirPath = "";
			projectRoot = "";
			targets = (
				1743349227FF5DE500196B92 /* Tinder_for_Dogs */,
			);
		};
/* End PBXProject section */

/* Begin PBXResourcesBuildPhase section */
		1743349127FF5DE500196B92 /* Resources */ = {
			isa = PBXResourcesBuildPhase;
			buildActionMask = 2147483647;
			files = (
				1743349E27FF5DE800196B92 /* Preview Assets.xcassets in Resources */,
				1743349B27FF5DE800196B92 /* Assets.xcassets in Resources */,
			);
			runOnlyForDeploymentPostprocessing = 0;
		};
/* End PBXResourcesBuildPhase section */

/* Begin PBXSourcesBuildPhase section */
		1743348F27FF5DE500196B92 /* Sources */ = {
			isa = PBXSourcesBuildPhase;
			buildActionMask = 2147483647;
			files = (
				17463B76280DC63C0060711F /* SignInView.swift in Sources */,
				1742932C280F38BD00BC47A4 /* Profile.swift in Sources */,
				17D691BD280AD4BB00811F40 /* DogsCardView.swift in Sources */,
				1743349927FF5DE600196B92 /* ContentView.swift in Sources */,
				17D691C0280AE0A900811F40 /* ButtonView.swift in Sources */,
				17D691CD280B1B8A00811F40 /* DogData.swift in Sources */,
				17479EC8280E8CD80048DE72 /* HomeView.swift in Sources */,
				17D691C3280B16C900811F40 /* OnboardingView.swift in Sources */,
				17D691C9280B1A5B00811F40 /* DogModel.swift in Sources */,
				17429332280F390F00BC47A4 /* MessageView.swift in Sources */,
				17479ECE280E8D0F0048DE72 /* SlideView.swift in Sources */,
				17429320280F1FEB00BC47A4 /* TabBar.swift in Sources */,
				17463B73280DC6290060711F /* LoginView.swift in Sources */,
				1743349727FF5DE600196B92 /* Tinder_for_DogsApp.swift in Sources */,
				17429323280F219C00BC47A4 /* TabButton.swift in Sources */,
			);
			runOnlyForDeploymentPostprocessing = 0;
		};
/* End PBXSourcesBuildPhase section */

/* Begin XCBuildConfiguration section */
		174334A027FF5DE800196B92 /* Debug */ = {
			isa = XCBuildConfiguration;
			buildSettings = {
				ALWAYS_SEARCH_USER_PATHS = NO;
				CLANG_ANALYZER_NONNULL = YES;
				CLANG_ANALYZER_NUMBER_OBJECT_CONVERSION = YES_AGGRESSIVE;
				CLANG_CXX_LANGUAGE_STANDARD = "gnu++14";
				CLANG_CXX_LIBRARY = "libc++";
				CLANG_ENABLE_MODULES = YES;
				CLANG_ENABLE_OBJC_ARC = YES;
				CLANG_ENABLE_OBJC_WEAK = YES;
				CLANG_WARN_BLOCK_CAPTURE_AUTORELEASING = YES;
				CLANG_WARN_BOOL_CONVERSION = YES;
				CLANG_WARN_COMMA = YES;
				CLANG_WARN_CONSTANT_CONVERSION = YES;
				CLANG_WARN_DEPRECATED_OBJC_IMPLEMENTATIONS = YES;
				CLANG_WARN_DIRECT_OBJC_ISA_USAGE = YES_ERROR;
				CLANG_WARN_DOCUMENTATION_COMMENTS = YES;
				CLANG_WARN_EMPTY_BODY = YES;
				CLANG_WARN_ENUM_CONVERSION = YES;
				CLANG_WARN_INFINITE_RECURSION = YES;
				CLANG_WARN_INT_CONVERSION = YES;
				CLANG_WARN_NON_LITERAL_NULL_CONVERSION = YES;
				CLANG_WARN_OBJC_IMPLICIT_RETAIN_SELF = YES;
				CLANG_WARN_OBJC_LITERAL_CONVERSION = YES;
				CLANG_WARN_OBJC_ROOT_CLASS = YES_ERROR;
				CLANG_WARN_QUOTED_INCLUDE_IN_FRAMEWORK_HEADER = YES;
				CLANG_WARN_RANGE_LOOP_ANALYSIS = YES;
				CLANG_WARN_STRICT_PROTOTYPES = YES;
				CLANG_WARN_SUSPICIOUS_MOVE = YES;
				CLANG_WARN_UNGUARDED_AVAILABILITY = YES_AGGRESSIVE;
				CLANG_WARN_UNREACHABLE_CODE = YES;
				CLANG_WARN__DUPLICATE_METHOD_MATCH = YES;
				COPY_PHASE_STRIP = NO;
				DEBUG_INFORMATION_FORMAT = dwarf;
				ENABLE_STRICT_OBJC_MSGSEND = YES;
				ENABLE_TESTABILITY = YES;
				GCC_C_LANGUAGE_STANDARD = gnu11;
				GCC_DYNAMIC_NO_PIC = NO;
				GCC_NO_COMMON_BLOCKS = YES;
				GCC_OPTIMIZATION_LEVEL = 0;
				GCC_PREPROCESSOR_DEFINITIONS = (
					"DEBUG=1",
					"$(inherited)",
				);
				GCC_WARN_64_TO_32_BIT_CONVERSION = YES;
				GCC_WARN_ABOUT_RETURN_TYPE = YES_ERROR;
				GCC_WARN_UNDECLARED_SELECTOR = YES;
				GCC_WARN_UNINITIALIZED_AUTOS = YES_AGGRESSIVE;
				GCC_WARN_UNUSED_FUNCTION = YES;
				GCC_WARN_UNUSED_VARIABLE = YES;
				IPHONEOS_DEPLOYMENT_TARGET = 14.4;
				MTL_ENABLE_DEBUG_INFO = INCLUDE_SOURCE;
				MTL_FAST_MATH = YES;
				ONLY_ACTIVE_ARCH = YES;
				SDKROOT = iphoneos;
				SWIFT_ACTIVE_COMPILATION_CONDITIONS = DEBUG;
				SWIFT_OPTIMIZATION_LEVEL = "-Onone";
			};
			name = Debug;
		};
		174334A127FF5DE800196B92 /* Release */ = {
			isa = XCBuildConfiguration;
			buildSettings = {
				ALWAYS_SEARCH_USER_PATHS = NO;
				CLANG_ANALYZER_NONNULL = YES;
				CLANG_ANALYZER_NUMBER_OBJECT_CONVERSION = YES_AGGRESSIVE;
				CLANG_CXX_LANGUAGE_STANDARD = "gnu++14";
				CLANG_CXX_LIBRARY = "libc++";
				CLANG_ENABLE_MODULES = YES;
				CLANG_ENABLE_OBJC_ARC = YES;
				CLANG_ENABLE_OBJC_WEAK = YES;
				CLANG_WARN_BLOCK_CAPTURE_AUTORELEASING = YES;
				CLANG_WARN_BOOL_CONVERSION = YES;
				CLANG_WARN_COMMA = YES;
				CLANG_WARN_CONSTANT_CONVERSION = YES;
				CLANG_WARN_DEPRECATED_OBJC_IMPLEMENTATIONS = YES;
				CLANG_WARN_DIRECT_OBJC_ISA_USAGE = YES_ERROR;
				CLANG_WARN_DOCUMENTATION_COMMENTS = YES;
				CLANG_WARN_EMPTY_BODY = YES;
				CLANG_WARN_ENUM_CONVERSION = YES;
				CLANG_WARN_INFINITE_RECURSION = YES;
				CLANG_WARN_INT_CONVERSION = YES;
				CLANG_WARN_NON_LITERAL_NULL_CONVERSION = YES;
				CLANG_WARN_OBJC_IMPLICIT_RETAIN_SELF = YES;
				CLANG_WARN_OBJC_LITERAL_CONVERSION = YES;
				CLANG_WARN_OBJC_ROOT_CLASS = YES_ERROR;
				CLANG_WARN_QUOTED_INCLUDE_IN_FRAMEWORK_HEADER = YES;
				CLANG_WARN_RANGE_LOOP_ANALYSIS = YES;
				CLANG_WARN_STRICT_PROTOTYPES = YES;
				CLANG_WARN_SUSPICIOUS_MOVE = YES;
				CLANG_WARN_UNGUARDED_AVAILABILITY = YES_AGGRESSIVE;
				CLANG_WARN_UNREACHABLE_CODE = YES;
				CLANG_WARN__DUPLICATE_METHOD_MATCH = YES;
				COPY_PHASE_STRIP = NO;
				DEBUG_INFORMATION_FORMAT = "dwarf-with-dsym";
				ENABLE_NS_ASSERTIONS = NO;
				ENABLE_STRICT_OBJC_MSGSEND = YES;
				GCC_C_LANGUAGE_STANDARD = gnu11;
				GCC_NO_COMMON_BLOCKS = YES;
				GCC_WARN_64_TO_32_BIT_CONVERSION = YES;
				GCC_WARN_ABOUT_RETURN_TYPE = YES_ERROR;
				GCC_WARN_UNDECLARED_SELECTOR = YES;
				GCC_WARN_UNINITIALIZED_AUTOS = YES_AGGRESSIVE;
				GCC_WARN_UNUSED_FUNCTION = YES;
				GCC_WARN_UNUSED_VARIABLE = YES;
				IPHONEOS_DEPLOYMENT_TARGET = 14.4;
				MTL_ENABLE_DEBUG_INFO = NO;
				MTL_FAST_MATH = YES;
				SDKROOT = iphoneos;
				SWIFT_COMPILATION_MODE = wholemodule;
				SWIFT_OPTIMIZATION_LEVEL = "-O";
				VALIDATE_PRODUCT = YES;
			};
			name = Release;
		};
		174334A327FF5DE800196B92 /* Debug */ = {
			isa = XCBuildConfiguration;
			buildSettings = {
				ASSETCATALOG_COMPILER_APPICON_NAME = AppIcon;
				ASSETCATALOG_COMPILER_GLOBAL_ACCENT_COLOR_NAME = AccentColor;
				CODE_SIGN_STYLE = Automatic;
				DEVELOPMENT_ASSET_PATHS = "\"Tinder_for_Dogs/Preview Content\"";
				DEVELOPMENT_TEAM = 8D85TD3LAB;
				ENABLE_PREVIEWS = YES;
				INFOPLIST_FILE = Tinder_for_Dogs/Info.plist;
				IPHONEOS_DEPLOYMENT_TARGET = 14.0;
				LD_RUNPATH_SEARCH_PATHS = (
					"$(inherited)",
					"@executable_path/Frameworks",
				);
				PRODUCT_BUNDLE_IDENTIFIER = "Prince.Tinder-for-Dogs";
				PRODUCT_NAME = "$(TARGET_NAME)";
				SWIFT_VERSION = 5.0;
				TARGETED_DEVICE_FAMILY = "1,2";
			};
			name = Debug;
		};
		174334A427FF5DE800196B92 /* Release */ = {
			isa = XCBuildConfiguration;
			buildSettings = {
				ASSETCATALOG_COMPILER_APPICON_NAME = AppIcon;
				ASSETCATALOG_COMPILER_GLOBAL_ACCENT_COLOR_NAME = AccentColor;
				CODE_SIGN_STYLE = Automatic;
				DEVELOPMENT_ASSET_PATHS = "\"Tinder_for_Dogs/Preview Content\"";
				DEVELOPMENT_TEAM = 8D85TD3LAB;
				ENABLE_PREVIEWS = YES;
				INFOPLIST_FILE = Tinder_for_Dogs/Info.plist;
				IPHONEOS_DEPLOYMENT_TARGET = 14.0;
				LD_RUNPATH_SEARCH_PATHS = (
					"$(inherited)",
					"@executable_path/Frameworks",
				);
				PRODUCT_BUNDLE_IDENTIFIER = "Prince.Tinder-for-Dogs";
				PRODUCT_NAME = "$(TARGET_NAME)";
				SWIFT_VERSION = 5.0;
				TARGETED_DEVICE_FAMILY = "1,2";
			};
			name = Release;
		};
/* End XCBuildConfiguration section */

/* Begin XCConfigurationList section */
		1743348E27FF5DE500196B92 /* Build configuration list for PBXProject "Tinder_for_Dogs" */ = {
			isa = XCConfigurationList;
			buildConfigurations = (
				174334A027FF5DE800196B92 /* Debug */,
				174334A127FF5DE800196B92 /* Release */,
			);
			defaultConfigurationIsVisible = 0;
			defaultConfigurationName = Release;
		};
		174334A227FF5DE800196B92 /* Build configuration list for PBXNativeTarget "Tinder_for_Dogs" */ = {
			isa = XCConfigurationList;
			buildConfigurations = (
				174334A327FF5DE800196B92 /* Debug */,
				174334A427FF5DE800196B92 /* Release */,
			);
			defaultConfigurationIsVisible = 0;
			defaultConfigurationName = Release;
		};
/* End XCConfigurationList section */
	};
	rootObject = 1743348B27FF5DE500196B92 /* Project object */;
}
